
Microsoft Visual Studio Solution File, Format Version 12.00
# Visual Studio Version 17
VisualStudioVersion = 17.6.33723.286
MinimumVisualStudioVersion = 10.0.40219.1
Project("{FAE04EC0-301F-11D3-BF4B-00C04F79EFBC}") = "ExpressWFA", "ExpressWFA\ExpressWFA.csproj", "{BE818669-68B1-4CEF-9B35-2E7DD003615D}"
EndProject
Global
	GlobalSection(SolutionConfigurationPlatforms) = preSolution
		Debug|Any CPU = Debug|Any CPU
		Release|Any CPU = Release|Any CPU
	EndGlobalSection
	GlobalSection(ProjectConfigurationPlatforms) = postSolution
		{BE818669-68B1-4CEF-9B35-2E7DD003615D}.Debug|Any CPU.ActiveCfg = Debug|Any CPU
		{BE818669-68B1-4CEF-9B35-2E7DD003615D}.Debug|Any CPU.Build.0 = Debug|Any CPU
		{BE818669-68B1-4CEF-9B35-2E7DD003615D}.Release|Any CPU.ActiveCfg = Release|Any CPU
		{BE818669-68B1-4CEF-9B35-2E7DD003615D}.Release|Any CPU.Build.0 = Release|Any CPU
	EndGlobalSection
	GlobalSection(SolutionProperties) = preSolution
		HideSolutionNode = FALSE
	EndGlobalSection
	GlobalSection(ExtensibilityGlobals) = postSolution
		SolutionGuid = {966DA1DB-9637-43D0-B379-4D904CBC44B2}
	EndGlobalSection
EndGlobal
